
Microsoft Visual Studio Solution File, Format Version 12.00
# Visual Studio Version 16
VisualStudioVersion = 16.0.30114.105
MinimumVisualStudioVersion = 10.0.40219.1
Project("{FAE04EC0-301F-11D3-BF4B-00C04F79EFBC}") = "Delegate", "Delegate\Delegate.csproj", "{B9BB778C-7B7B-48BC-BAF3-8419540074B9}"
EndProject
Global
	GlobalSection(SolutionConfigurationPlatforms) = preSolution
		Debug|Any CPU = Debug|Any CPU
		Release|Any CPU = Release|Any CPU
	EndGlobalSection
	GlobalSection(ProjectConfigurationPlatforms) = postSolution
		{B9BB778C-7B7B-48BC-BAF3-8419540074B9}.Debug|Any CPU.ActiveCfg = Debug|Any CPU
		{B9BB778C-7B7B-48BC-BAF3-8419540074B9}.Debug|Any CPU.Build.0 = Debug|Any CPU
		{B9BB778C-7B7B-48BC-BAF3-8419540074B9}.Release|Any CPU.ActiveCfg = Release|Any CPU
		{B9BB778C-7B7B-48BC-BAF3-8419540074B9}.Release|Any CPU.Build.0 = Release|Any CPU
	EndGlobalSection
	GlobalSection(SolutionProperties) = preSolution
		HideSolutionNode = FALSE
	EndGlobalSection
	GlobalSection(ExtensibilityGlobals) = postSolution
		SolutionGuid = {AB5A285E-CA78-423D-8176-189F9809B045}
	EndGlobalSection
EndGlobal
